{
  "name": "app",
  "lockfileVersion": 3,
  "requires": true,
  "packages": {
    "": {
      "name": "app",
      "dependencies": {
        "react": "18.2.0",
        "serve": "^14.2.1"
      }
    },
    "node_modules/react": {
      "version": "18.2.0",
      "resolved": "https://registry.npmjs.org/react/-/react-18.2.0.tgz",
      "integrity": "sha512-/3IjMdb2L9QbBdWiW5e3P2/npwMBaU9mHCSCUzNln0ZCYbcfTsGbTJrU/kGemdH2IWmB2ioZ+zkxtmq6g09fGQ==",
      "dependencies": {
        "loose-envify": "^1.1.0"
      },
      "engines": {
        "node": ">=0.10.0"
      }
    },
    "node_modules/serve": {
      "version": "14.2.1",
      "resolved": "https://registry.npmjs.org/serve/-/serve-14.2.1.tgz",
      "integrity": "sha512-48X/m4M5kK4xyDqAhDZI4mxI1oKgE8ppxkx4D0KZdxd6nZYAjhHg3QaQ7F5+7F+VlJF/UPVpHVZ1wD0S5u/5A==",
      "dependencies": {
        "@zeit/schemas": "2.29.0",
        "ajv": "8.11.0",
        "arg": "5.0.2",
        "boxen": "7.0.0",
        "chalk": "5.0.1",
        "chalk-template": "0.4.0",
        "clipboardy": "3.0.0",
        "compression": "1.7.4",
        "is-port-reachable": "4.0.0",
        "serve-handler": "6.1.5",
        "update-check": "1.5.4"
      }
    }
  }
} 